// !$*UTF8*$!
{
	archiveVersion = 1;
	classes = {
	};
	objectVersion = 50;
	objects = {

/* Begin PBXBuildFile section */
		01D0DBB52368FDC70003082F /* AppDelegate.swift in Sources */ = {isa = PBXBuildFile; fileRef = 01D0DBB42368FDC70003082F /* AppDelegate.swift */; };
		01D0DBB72368FDC70003082F /* SceneDelegate.swift in Sources */ = {isa = PBXBuildFile; fileRef = 01D0DBB62368FDC70003082F /* SceneDelegate.swift */; };
		01D0DBB92368FDC70003082F /* ViewController.swift in Sources */ = {isa = PBXBuildFile; fileRef = 01D0DBB82368FDC70003082F /* ViewController.swift */; };
		01D0DBBC2368FDC70003082F /* Main.storyboard in Resources */ = {isa = PBXBuildFile; fileRef = 01D0DBBA2368FDC70003082F /* Main.storyboard */; };
		01D0DBBE2368FDC70003082F /* Assets.xcassets in Resources */ = {isa = PBXBuildFile; fileRef = 01D0DBBD2368FDC70003082F /* Assets.xcassets */; };
		01D0DBC12368FDC70003082F /* LaunchScreen.storyboard in Resources */ = {isa = PBXBuildFile; fileRef = 01D0DBBF2368FDC70003082F /* LaunchScreen.storyboard */; };
		01D0DBC92368FE960003082F /* Jokes.swift in Sources */ = {isa = PBXBuildFile; fileRef = 01D0DBC82368FE960003082F /* Jokes.swift */; };
		01D0DBD6236908450003082F /* Squido.png in Resources */ = {isa = PBXBuildFile; fileRef = 01D0DBD2236908450003082F /* Squido.png */; };
		01D0DBD7236908450003082F /* Fluffy.png in Resources */ = {isa = PBXBuildFile; fileRef = 01D0DBD3236908450003082F /* Fluffy.png */; };
		01D0DBD8236908450003082F /* Astro.png in Resources */ = {isa = PBXBuildFile; fileRef = 01D0DBD4236908450003082F /* Astro.png */; };
		01D0DBD9236908450003082F /* Munchie.png in Resources */ = {isa = PBXBuildFile; fileRef = 01D0DBD5236908450003082F /* Munchie.png */; };
		01D0DBDB23693AF20003082F /* NewViewController.swift in Sources */ = {isa = PBXBuildFile; fileRef = 01D0DBDA23693AF20003082F /* NewViewController.swift */; };
		01D0DBDD236946B10003082F /* NewTableViewController.swift in Sources */ = {isa = PBXBuildFile; fileRef = 01D0DBDC236946B10003082F /* NewTableViewController.swift */; };
/* End PBXBuildFile section */

/* Begin PBXFileReference section */
		01D0DBB12368FDC70003082F /* SecondIOSApp.app */ = {isa = PBXFileReference; explicitFileType = wrapper.application; includeInIndex = 0; path = SecondIOSApp.app; sourceTree = BUILT_PRODUCTS_DIR; };
		01D0DBB42368FDC70003082F /* AppDelegate.swift */ = {isa = PBXFileReference; lastKnownFileType = sourcecode.swift; path = AppDelegate.swift; sourceTree = "<group>"; };
		01D0DBB62368FDC70003082F /* SceneDelegate.swift */ = {isa = PBXFileReference; lastKnownFileType = sourcecode.swift; path = SceneDelegate.swift; sourceTree = "<group>"; };
		01D0DBB82368FDC70003082F /* ViewController.swift */ = {isa = PBXFileReference; lastKnownFileType = sourcecode.swift; path = ViewController.swift; sourceTree = "<group>"; };
		01D0DBBB2368FDC70003082F /* Base */ = {isa = PBXFileReference; lastKnownFileType = file.storyboard; name = Base; path = Base.lproj/Main.storyboard; sourceTree = "<group>"; };
		01D0DBBD2368FDC70003082F /* Assets.xcassets */ = {isa = PBXFileReference; lastKnownFileType = folder.assetcatalog; path = Assets.xcassets; sourceTree = "<group>"; };
		01D0DBC02368FDC70003082F /* Base */ = {isa = PBXFileReference; lastKnownFileType = file.storyboard; name = Base; path = Base.lproj/LaunchScreen.storyboard; sourceTree = "<group>"; };
		01D0DBC22368FDC70003082F /* Info.plist */ = {isa = PBXFileReference; lastKnownFileType = text.plist.xml; path = Info.plist; sourceTree = "<group>"; };
		01D0DBC82368FE960003082F /* Jokes.swift */ = {isa = PBXFileReference; lastKnownFileType = sourcecode.swift; path = Jokes.swift; sourceTree = "<group>"; };
		01D0DBD2236908450003082F /* Squido.png */ = {isa = PBXFileReference; lastKnownFileType = image.png; path = Squido.png; sourceTree = "<group>"; };
		01D0DBD3236908450003082F /* Fluffy.png */ = {isa = PBXFileReference; lastKnownFileType = image.png; path = Fluffy.png; sourceTree = "<group>"; };
		01D0DBD4236908450003082F /* Astro.png */ = {isa = PBXFileReference; lastKnownFileType = image.png; path = Astro.png; sourceTree = "<group>"; };
		01D0DBD5236908450003082F /* Munchie.png */ = {isa = PBXFileReference; lastKnownFileType = image.png; path = Munchie.png; sourceTree = "<group>"; };
		01D0DBDA23693AF20003082F /* NewViewController.swift */ = {isa = PBXFileReference; lastKnownFileType = sourcecode.swift; path = NewViewController.swift; sourceTree = "<group>"; };
		01D0DBDC236946B10003082F /* NewTableViewController.swift */ = {isa = PBXFileReference; lastKnownFileType = sourcecode.swift; path = NewTableViewController.swift; sourceTree = "<group>"; };
/* End PBXFileReference section */

/* Begin PBXFrameworksBuildPhase section */
		01D0DBAE2368FDC70003082F /* Frameworks */ = {
			isa = PBXFrameworksBuildPhase;
			buildActionMask = 2147483647;
			files = (
			);
			runOnlyForDeploymentPostprocessing = 0;
		};
/* End PBXFrameworksBuildPhase section */

/* Begin PBXGroup section */
		01D0DBA82368FDC70003082F = {
			isa = PBXGroup;
			children = (
				01D0DBB32368FDC70003082F /* SecondIOSApp */,
				01D0DBB22368FDC70003082F /* Products */,
			);
			sourceTree = "<group>";
		};
		01D0DBB22368FDC70003082F /* Products */ = {
			isa = PBXGroup;
			children = (
				01D0DBB12368FDC70003082F /* SecondIOSApp.app */,
			);
			name = Products;
			sourceTree = "<group>";
		};
		01D0DBB32368FDC70003082F /* SecondIOSApp */ = {
			isa = PBXGroup;
			children = (
				01D0DBB42368FDC70003082F /* AppDelegate.swift */,
				01D0DBB62368FDC70003082F /* SceneDelegate.swift */,
				01D0DBB82368FDC70003082F /* ViewController.swift */,
				01D0DBBA2368FDC70003082F /* Main.storyboard */,
				01D0DBBD2368FDC70003082F /* Assets.xcassets */,
				01D0DBBF2368FDC70003082F /* LaunchScreen.storyboard */,
				01D0DBC22368FDC70003082F /* Info.plist */,
				01D0DBC82368FE960003082F /* Jokes.swift */,
				01D0DBD4236908450003082F /* Astro.png */,
				01D0DBD3236908450003082F /* Fluffy.png */,
				01D0DBD5236908450003082F /* Munchie.png */,
				01D0DBD2236908450003082F /* Squido.png */,
				01D0DBDA23693AF20003082F /* NewViewController.swift */,
				01D0DBDC236946B10003082F /* NewTableViewController.swift */,
			);
			path = SecondIOSApp;
			sourceTree = "<group>";
		};
/* End PBXGroup section */

/* Begin PBXNativeTarget section */
		01D0DBB02368FDC70003082F /* SecondIOSApp */ = {
			isa = PBXNativeTarget;
			buildConfigurationList = 01D0DBC52368FDC70003082F /* Build configuration list for PBXNativeTarget "SecondIOSApp" */;
			buildPhases = (
				01D0DBAD2368FDC70003082F /* Sources */,
				01D0DBAE2368FDC70003082F /* Frameworks */,
				01D0DBAF2368FDC70003082F /* Resources */,
			);
			buildRules = (
			);
			dependencies = (
			);
			name = SecondIOSApp;
			productName = SecondIOSApp;
			productReference = 01D0DBB12368FDC70003082F /* SecondIOSApp.app */;
			productType = "com.apple.product-type.application";
		};
/* End PBXNativeTarget section */

/* Begin PBXProject section */
		01D0DBA92368FDC70003082F /* Project object */ = {
			isa = PBXProject;
			attributes = {
				LastSwiftUpdateCheck = 1110;
				LastUpgradeCheck = 1110;
				ORGANIZATIONNAME = Joe;
				TargetAttributes = {
					01D0DBB02368FDC70003082F = {
						CreatedOnToolsVersion = 11.1;
					};
				};
			};
			buildConfigurationList = 01D0DBAC2368FDC70003082F /* Build configuration list for PBXProject "SecondIOSApp" */;
			compatibilityVersion = "Xcode 9.3";
			developmentRegion = en;
			hasScannedForEncodings = 0;
			knownRegions = (
				en,
				Base,
			);
			mainGroup = 01D0DBA82368FDC70003082F;
			productRefGroup = 01D0DBB22368FDC70003082F /* Products */;
			projectDirPath = "";
			projectRoot = "";
			targets = (
				01D0DBB02368FDC70003082F /* SecondIOSApp */,
			);
		};
/* End PBXProject section */

/* Begin PBXResourcesBuildPhase section */
		01D0DBAF2368FDC70003082F /* Resources */ = {
			isa = PBXResourcesBuildPhase;
			buildActionMask = 2147483647;
			files = (
				01D0DBC12368FDC70003082F /* LaunchScreen.storyboard in Resources */,
				01D0DBD7236908450003082F /* Fluffy.png in Resources */,
				01D0DBBE2368FDC70003082F /* Assets.xcassets in Resources */,
				01D0DBD6236908450003082F /* Squido.png in Resources */,
				01D0DBD9236908450003082F /* Munchie.png in Resources */,
				01D0DBBC2368FDC70003082F /* Main.storyboard in Resources */,
				01D0DBD8236908450003082F /* Astro.png in Resources */,
			);
			runOnlyForDeploymentPostprocessing = 0;
		};
/* End PBXResourcesBuildPhase section */

/* Begin PBXSourcesBuildPhase section */
		01D0DBAD2368FDC70003082F /* Sources */ = {
			isa = PBXSourcesBuildPhase;
			buildActionMask = 2147483647;
			files = (
				01D0DBB92368FDC70003082F /* ViewController.swift in Sources */,
				01D0DBB52368FDC70003082F /* AppDelegate.swift in Sources */,
				01D0DBDD236946B10003082F /* NewTableViewController.swift in Sources */,
				01D0DBDB23693AF20003082F /* NewViewController.swift in Sources */,
				01D0DBC92368FE960003082F /* Jokes.swift in Sources */,
				01D0DBB72368FDC70003082F /* SceneDelegate.swift in Sources */,
			);
			runOnlyForDeploymentPostprocessing = 0;
		};
/* End PBXSourcesBuildPhase section */

/* Begin PBXVariantGroup section */
		01D0DBBA2368FDC70003082F /* Main.storyboard */ = {
			isa = PBXVariantGroup;
			children = (
				01D0DBBB2368FDC70003082F /* Base */,
			);
			name = Main.storyboard;
			sourceTree = "<group>";
		};
		01D0DBBF2368FDC70003082F /* LaunchScreen.storyboard */ = {
			isa = PBXVariantGroup;
			children = (
				01D0DBC02368FDC70003082F /* Base */,
			);
			name = LaunchScreen.storyboard;
			sourceTree = "<group>";
		};
/* End PBXVariantGroup section */

/* Begin XCBuildConfiguration section */
		01D0DBC32368FDC70003082F /* Debug */ = {
			isa = XCBuildConfiguration;
			buildSettings = {
				ALWAYS_SEARCH_USER_PATHS = NO;
				CLANG_ANALYZER_NONNULL = YES;
				CLANG_ANALYZER_NUMBER_OBJECT_CONVERSION = YES_AGGRESSIVE;
				CLANG_CXX_LANGUAGE_STANDARD = "gnu++14";
				CLANG_CXX_LIBRARY = "libc++";
				CLANG_ENABLE_MODULES = YES;
				CLANG_ENABLE_OBJC_ARC = YES;
				CLANG_ENABLE_OBJC_WEAK = YES;
				CLANG_WARN_BLOCK_CAPTURE_AUTORELEASING = YES;
				CLANG_WARN_BOOL_CONVERSION = YES;
				CLANG_WARN_COMMA = YES;
				CLANG_WARN_CONSTANT_CONVERSION = YES;
				CLANG_WARN_DEPRECATED_OBJC_IMPLEMENTATIONS = YES;
				CLANG_WARN_DIRECT_OBJC_ISA_USAGE = YES_ERROR;
				CLANG_WARN_DOCUMENTATION_COMMENTS = YES;
				CLANG_WARN_EMPTY_BODY = YES;
				CLANG_WARN_ENUM_CONVERSION = YES;
				CLANG_WARN_INFINITE_RECURSION = YES;
				CLANG_WARN_INT_CONVERSION = YES;
				CLANG_WARN_NON_LITERAL_NULL_CONVERSION = YES;
				CLANG_WARN_OBJC_IMPLICIT_RETAIN_SELF = YES;
				CLANG_WARN_OBJC_LITERAL_CONVERSION = YES;
				CLANG_WARN_OBJC_ROOT_CLASS = YES_ERROR;
				CLANG_WARN_RANGE_LOOP_ANALYSIS = YES;
				CLANG_WARN_STRICT_PROTOTYPES = YES;
				CLANG_WARN_SUSPICIOUS_MOVE = YES;
				CLANG_WARN_UNGUARDED_AVAILABILITY = YES_AGGRESSIVE;
				CLANG_WARN_UNREACHABLE_CODE = YES;
				CLANG_WARN__DUPLICATE_METHOD_MATCH = YES;
				COPY_PHASE_STRIP = NO;
				DEBUG_INFORMATION_FORMAT = dwarf;
				ENABLE_STRICT_OBJC_MSGSEND = YES;
				ENABLE_TESTABILITY = YES;
				GCC_C_LANGUAGE_STANDARD = gnu11;
				GCC_DYNAMIC_NO_PIC = NO;
				GCC_NO_COMMON_BLOCKS = YES;
				GCC_OPTIMIZATION_LEVEL = 0;
				GCC_PREPROCESSOR_DEFINITIONS = (
					"DEBUG=1",
					"$(inherited)",
				);
				GCC_WARN_64_TO_32_BIT_CONVERSION = YES;
				GCC_WARN_ABOUT_RETURN_TYPE = YES_ERROR;
				GCC_WARN_UNDECLARED_SELECTOR = YES;
				GCC_WARN_UNINITIALIZED_AUTOS = YES_AGGRESSIVE;
				GCC_WARN_UNUSED_FUNCTION = YES;
				GCC_WARN_UNUSED_VARIABLE = YES;
				IPHONEOS_DEPLOYMENT_TARGET = 13.1;
				MTL_ENABLE_DEBUG_INFO = INCLUDE_SOURCE;
				MTL_FAST_MATH = YES;
				ONLY_ACTIVE_ARCH = YES;
				SDKROOT = iphoneos;
				SWIFT_ACTIVE_COMPILATION_CONDITIONS = DEBUG;
				SWIFT_OPTIMIZATION_LEVEL = "-Onone";
			};
			name = Debug;
		};
		01D0DBC42368FDC70003082F /* Release */ = {
			isa = XCBuildConfiguration;
			buildSettings = {
				ALWAYS_SEARCH_USER_PATHS = NO;
				CLANG_ANALYZER_NONNULL = YES;
				CLANG_ANALYZER_NUMBER_OBJECT_CONVERSION = YES_AGGRESSIVE;
				CLANG_CXX_LANGUAGE_STANDARD = "gnu++14";
				CLANG_CXX_LIBRARY = "libc++";
				CLANG_ENABLE_MODULES = YES;
				CLANG_ENABLE_OBJC_ARC = YES;
				CLANG_ENABLE_OBJC_WEAK = YES;
				CLANG_WARN_BLOCK_CAPTURE_AUTORELEASING = YES;
				CLANG_WARN_BOOL_CONVERSION = YES;
				CLANG_WARN_COMMA = YES;
				CLANG_WARN_CONSTANT_CONVERSION = YES;
				CLANG_WARN_DEPRECATED_OBJC_IMPLEMENTATIONS = YES;
				CLANG_WARN_DIRECT_OBJC_ISA_USAGE = YES_ERROR;
				CLANG_WARN_DOCUMENTATION_COMMENTS = YES;
				CLANG_WARN_EMPTY_BODY = YES;
				CLANG_WARN_ENUM_CONVERSION = YES;
				CLANG_WARN_INFINITE_RECURSION = YES;
				CLANG_WARN_INT_CONVERSION = YES;
				CLANG_WARN_NON_LITERAL_NULL_CONVERSION = YES;
				CLANG_WARN_OBJC_IMPLICIT_RETAIN_SELF = YES;
				CLANG_WARN_OBJC_LITERAL_CONVERSION = YES;
				CLANG_WARN_OBJC_ROOT_CLASS = YES_ERROR;
				CLANG_WARN_RANGE_LOOP_ANALYSIS = YES;
				CLANG_WARN_STRICT_PROTOTYPES = YES;
				CLANG_WARN_SUSPICIOUS_MOVE = YES;
				CLANG_WARN_UNGUARDED_AVAILABILITY = YES_AGGRESSIVE;
				CLANG_WARN_UNREACHABLE_CODE = YES;
				CLANG_WARN__DUPLICATE_METHOD_MATCH = YES;
				COPY_PHASE_STRIP = NO;
				DEBUG_INFORMATION_FORMAT = "dwarf-with-dsym";
				ENABLE_NS_ASSERTIONS = NO;
				ENABLE_STRICT_OBJC_MSGSEND = YES;
				GCC_C_LANGUAGE_STANDARD = gnu11;
				GCC_NO_COMMON_BLOCKS = YES;
				GCC_WARN_64_TO_32_BIT_CONVERSION = YES;
				GCC_WARN_ABOUT_RETURN_TYPE = YES_ERROR;
				GCC_WARN_UNDECLARED_SELECTOR = YES;
				GCC_WARN_UNINITIALIZED_AUTOS = YES_AGGRESSIVE;
				GCC_WARN_UNUSED_FUNCTION = YES;
				GCC_WARN_UNUSED_VARIABLE = YES;
				IPHONEOS_DEPLOYMENT_TARGET = 13.1;
				MTL_ENABLE_DEBUG_INFO = NO;
				MTL_FAST_MATH = YES;
				SDKROOT = iphoneos;
				SWIFT_COMPILATION_MODE = wholemodule;
				SWIFT_OPTIMIZATION_LEVEL = "-O";
				VALIDATE_PRODUCT = YES;
			};
			name = Release;
		};
		01D0DBC62368FDC70003082F /* Debug */ = {
			isa = XCBuildConfiguration;
			buildSettings = {
				ASSETCATALOG_COMPILER_APPICON_NAME = AppIcon;
				CODE_SIGN_STYLE = Automatic;
				DEVELOPMENT_TEAM = 83289AHTSS;
				INFOPLIST_FILE = SecondIOSApp/Info.plist;
				LD_RUNPATH_SEARCH_PATHS = (
					"$(inherited)",
					"@executable_path/Frameworks",
				);
				PRODUCT_BUNDLE_IDENTIFIER = com.Joe.SecondIOSApp;
				PRODUCT_NAME = "$(TARGET_NAME)";
				SWIFT_VERSION = 5.0;
				TARGETED_DEVICE_FAMILY = 1;
			};
			name = Debug;
		};
		01D0DBC72368FDC70003082F /* Release */ = {
			isa = XCBuildConfiguration;
			buildSettings = {
				ASSETCATALOG_COMPILER_APPICON_NAME = AppIcon;
				CODE_SIGN_STYLE = Automatic;
				DEVELOPMENT_TEAM = 83289AHTSS;
				INFOPLIST_FILE = SecondIOSApp/Info.plist;
				LD_RUNPATH_SEARCH_PATHS = (
					"$(inherited)",
					"@executable_path/Frameworks",
				);
				PRODUCT_BUNDLE_IDENTIFIER = com.Joe.SecondIOSApp;
				PRODUCT_NAME = "$(TARGET_NAME)";
				SWIFT_VERSION = 5.0;
				TARGETED_DEVICE_FAMILY = 1;
			};
			name = Release;
		};
/* End XCBuildConfiguration section */

/* Begin XCConfigurationList section */
		01D0DBAC2368FDC70003082F /* Build configuration list for PBXProject "SecondIOSApp" */ = {
			isa = XCConfigurationList;
			buildConfigurations = (
				01D0DBC32368FDC70003082F /* Debug */,
				01D0DBC42368FDC70003082F /* Release */,
			);
			defaultConfigurationIsVisible = 0;
			defaultConfigurationName = Release;
		};
		01D0DBC52368FDC70003082F /* Build configuration list for PBXNativeTarget "SecondIOSApp" */ = {
			isa = XCConfigurationList;
			buildConfigurations = (
				01D0DBC62368FDC70003082F /* Debug */,
				01D0DBC72368FDC70003082F /* Release */,
			);
			defaultConfigurationIsVisible = 0;
			defaultConfigurationName = Release;
		};
/* End XCConfigurationList section */
	};
	rootObject = 01D0DBA92368FDC70003082F /* Project object */;
}
